
Microsoft Visual Studio Solution File, Format Version 12.00
# Visual Studio 15
VisualStudioVersion = 15.0.28010.2048
MinimumVisualStudioVersion = 10.0.40219.1
Project("{FAE04EC0-301F-11D3-BF4B-00C04F79EFBC}") = "SportsStoreEF", "SportsStoreEF\SportsStoreEF.csproj", "{11D26F1B-F1E1-4FD1-B4B0-19C32307E030}"
EndProject
Global
	GlobalSection(SolutionConfigurationPlatforms) = preSolution
		Debug|Any CPU = Debug|Any CPU
		Release|Any CPU = Release|Any CPU
	EndGlobalSection
	GlobalSection(ProjectConfigurationPlatforms) = postSolution
		{11D26F1B-F1E1-4FD1-B4B0-19C32307E030}.Debug|Any CPU.ActiveCfg = Debug|Any CPU
		{11D26F1B-F1E1-4FD1-B4B0-19C32307E030}.Debug|Any CPU.Build.0 = Debug|Any CPU
		{11D26F1B-F1E1-4FD1-B4B0-19C32307E030}.Release|Any CPU.ActiveCfg = Release|Any CPU
		{11D26F1B-F1E1-4FD1-B4B0-19C32307E030}.Release|Any CPU.Build.0 = Release|Any CPU
	EndGlobalSection
	GlobalSection(SolutionProperties) = preSolution
		HideSolutionNode = FALSE
	EndGlobalSection
	GlobalSection(ExtensibilityGlobals) = postSolution
		SolutionGuid = {85A46028-BB15-49DE-A9F1-0CCDB4A0ABD5}
	EndGlobalSection
EndGlobal
